
Microsoft Visual Studio Solution File, Format Version 12.00
# Visual Studio Version 16
VisualStudioVersion = 16.0.31702.278
MinimumVisualStudioVersion = 10.0.40219.1
Project("{9A19103F-16F7-4668-BE54-9A1E7A4F7556}") = "Microservices.Platform.Api", "Microservices.Platform.Api\Microservices.Platform.Api.csproj", "{4E0B730F-EF07-4F37-B7FD-1B43D1D3D05A}"
EndProject
Project("{2150E333-8FDC-42A3-9474-1A3956D46DE8}") = "K8S", "K8S", "{254E05BF-2D7F-49FE-8D53-B95E59B20F79}"
	ProjectSection(SolutionItems) = preProject
		K8S\platforms-deployment.yaml = K8S\platforms-deployment.yaml
		K8S\platforms-node-port-service.yaml = K8S\platforms-node-port-service.yaml
	EndProjectSection
EndProject
Project("{FAE04EC0-301F-11D3-BF4B-00C04F79EFBC}") = "Microservices.Commands.Api", "Microservices.Commands.Api\Microservices.Commands.Api.csproj", "{34858D9B-8F68-4149-AEA0-7278EE375278}"
EndProject
Global
	GlobalSection(SolutionConfigurationPlatforms) = preSolution
		Debug|Any CPU = Debug|Any CPU
		Release|Any CPU = Release|Any CPU
	EndGlobalSection
	GlobalSection(ProjectConfigurationPlatforms) = postSolution
		{4E0B730F-EF07-4F37-B7FD-1B43D1D3D05A}.Debug|Any CPU.ActiveCfg = Debug|Any CPU
		{4E0B730F-EF07-4F37-B7FD-1B43D1D3D05A}.Debug|Any CPU.Build.0 = Debug|Any CPU
		{4E0B730F-EF07-4F37-B7FD-1B43D1D3D05A}.Release|Any CPU.ActiveCfg = Release|Any CPU
		{4E0B730F-EF07-4F37-B7FD-1B43D1D3D05A}.Release|Any CPU.Build.0 = Release|Any CPU
		{34858D9B-8F68-4149-AEA0-7278EE375278}.Debug|Any CPU.ActiveCfg = Debug|Any CPU
		{34858D9B-8F68-4149-AEA0-7278EE375278}.Debug|Any CPU.Build.0 = Debug|Any CPU
		{34858D9B-8F68-4149-AEA0-7278EE375278}.Release|Any CPU.ActiveCfg = Release|Any CPU
		{34858D9B-8F68-4149-AEA0-7278EE375278}.Release|Any CPU.Build.0 = Release|Any CPU
	EndGlobalSection
	GlobalSection(SolutionProperties) = preSolution
		HideSolutionNode = FALSE
	EndGlobalSection
	GlobalSection(ExtensibilityGlobals) = postSolution
		SolutionGuid = {14F21515-F051-44FF-8813-5592295A18B6}
	EndGlobalSection
EndGlobal
